Microsoft Visual Studio Solution File, Format Version 12.00
# Visual Studio Version 17
VisualStudioVersion = 17.5.2.0
MinimumVisualStudioVersion = 10.0.40219.1
Project("{FAE04EC0-301F-11D3-BF4B-00C04F79EFBC}") = "Somatorio", "Somatorio\Somatorio.csproj", "{4571E584-2436-A6E2-DE81-C639A2B02306}"
EndProject
Global
	GlobalSection(SolutionConfigurationPlatforms) = preSolution
		Debug|Any CPU = Debug|Any CPU
		Release|Any CPU = Release|Any CPU
	EndGlobalSection
	GlobalSection(ProjectConfigurationPlatforms) = postSolution
		{4571E584-2436-A6E2-DE81-C639A2B02306}.Debug|Any CPU.ActiveCfg = Debug|Any CPU
		{4571E584-2436-A6E2-DE81-C639A2B02306}.Debug|Any CPU.Build.0 = Debug|Any CPU
		{4571E584-2436-A6E2-DE81-C639A2B02306}.Release|Any CPU.ActiveCfg = Release|Any CPU
		{4571E584-2436-A6E2-DE81-C639A2B02306}.Release|Any CPU.Build.0 = Release|Any CPU
	EndGlobalSection
	GlobalSection(SolutionProperties) = preSolution
		HideSolutionNode = FALSE
	EndGlobalSection
	GlobalSection(ExtensibilityGlobals) = postSolution
		SolutionGuid = {C469D253-F57D-4DC7-858E-9B075DC08EA3}
	EndGlobalSection
EndGlobal
